// !$*UTF8*$!
{
	archiveVersion = 1;
	classes = {
	};
	objectVersion = 48;
	objects = {

/* Begin PBXBuildFile section */
		0981DF2E06F25F0B60E96EDE /* Pods_SwiftARUITests.framework in Frameworks */ = {isa = PBXBuildFile; fileRef = 5ECC89862F05391BE1A9672F /* Pods_SwiftARUITests.framework */; };
		133C49D41F723AA60098C724 /* AppDelegate.swift in Sources */ = {isa = PBXBuildFile; fileRef = 133C49D31F723AA60098C724 /* AppDelegate.swift */; };
		133C49D61F723AA60098C724 /* art.scnassets in Resources */ = {isa = PBXBuildFile; fileRef = 133C49D51F723AA60098C724 /* art.scnassets */; };
		133C49D81F723AA60098C724 /* ViewController.swift in Sources */ = {isa = PBXBuildFile; fileRef = 133C49D71F723AA60098C724 /* ViewController.swift */; };
		133C49DB1F723AA60098C724 /* Main.storyboard in Resources */ = {isa = PBXBuildFile; fileRef = 133C49D91F723AA60098C724 /* Main.storyboard */; };
		133C49DD1F723AA60098C724 /* Assets.xcassets in Resources */ = {isa = PBXBuildFile; fileRef = 133C49DC1F723AA60098C724 /* Assets.xcassets */; };
		133C49E01F723AA60098C724 /* LaunchScreen.storyboard in Resources */ = {isa = PBXBuildFile; fileRef = 133C49DE1F723AA60098C724 /* LaunchScreen.storyboard */; };
		133C49EB1F723AA60098C724 /* SwiftARTests.swift in Sources */ = {isa = PBXBuildFile; fileRef = 133C49EA1F723AA60098C724 /* SwiftARTests.swift */; };
		133C49F61F723AA60098C724 /* SwiftARUITests.swift in Sources */ = {isa = PBXBuildFile; fileRef = 133C49F51F723AA60098C724 /* SwiftARUITests.swift */; };
		133C4A8D1F74DAC20098C724 /* BaseNode.swift in Sources */ = {isa = PBXBuildFile; fileRef = 133C4A8C1F74DAC20098C724 /* BaseNode.swift */; };
		13922EB61F7F2DBE00F220A2 /* libsqlite3.tbd in Frameworks */ = {isa = PBXBuildFile; fileRef = 13922EB51F7F2DBE00F220A2 /* libsqlite3.tbd */; };
		13A68B261FB7B62800A8128F /* SCNVector3Extensions.swift in Sources */ = {isa = PBXBuildFile; fileRef = 13A68B251FB7B62800A8128F /* SCNVector3Extensions.swift */; };
		13E3C79D2099D1F0006974F6 /* GoogleService-Info.plist in Resources */ = {isa = PBXBuildFile; fileRef = 13E3C79C2099D1F0006974F6 /* GoogleService-Info.plist */; };
		13E3C7A82099D304006974F6 /* SceneLocationView.swift in Sources */ = {isa = PBXBuildFile; fileRef = 13E3C79E2099D303006974F6 /* SceneLocationView.swift */; };
		13E3C7A92099D304006974F6 /* SCNVector3+Extensions.swift in Sources */ = {isa = PBXBuildFile; fileRef = 13E3C79F2099D303006974F6 /* SCNVector3+Extensions.swift */; };
		13E3C7AA2099D304006974F6 /* LocationManager.swift in Sources */ = {isa = PBXBuildFile; fileRef = 13E3C7A02099D303006974F6 /* LocationManager.swift */; };
		13E3C7AB2099D304006974F6 /* SceneLocationEstimate.swift in Sources */ = {isa = PBXBuildFile; fileRef = 13E3C7A12099D303006974F6 /* SceneLocationEstimate.swift */; };
		13E3C7AC2099D304006974F6 /* FloatingPoint+Radians.swift in Sources */ = {isa = PBXBuildFile; fileRef = 13E3C7A22099D303006974F6 /* FloatingPoint+Radians.swift */; };
		13E3C7AD2099D304006974F6 /* LocationNode.swift in Sources */ = {isa = PBXBuildFile; fileRef = 13E3C7A32099D303006974F6 /* LocationNode.swift */; };
		13E3C7AE2099D304006974F6 /* CGPoint+Extensions.swift in Sources */ = {isa = PBXBuildFile; fileRef = 13E3C7A42099D303006974F6 /* CGPoint+Extensions.swift */; };
		13E3C7AF2099D304006974F6 /* SceneLocationEstimate+Extensions.swift in Sources */ = {isa = PBXBuildFile; fileRef = 13E3C7A52099D304006974F6 /* SceneLocationEstimate+Extensions.swift */; };
		13E3C7B02099D304006974F6 /* CLLocation+Extensions.swift in Sources */ = {isa = PBXBuildFile; fileRef = 13E3C7A62099D304006974F6 /* CLLocation+Extensions.swift */; };
		13E3C7B12099D304006974F6 /* SCNNode+Extensions.swift in Sources */ = {isa = PBXBuildFile; fileRef = 13E3C7A72099D304006974F6 /* SCNNode+Extensions.swift */; };
		33EBF3B2136E22650BDBFA1A /* Pods_SwiftAR.framework in Frameworks */ = {isa = PBXBuildFile; fileRef = 4F71A33464FE44928FE473EB /* Pods_SwiftAR.framework */; };
		767B27F5379750B33FA6C0A2 /* Pods_SwiftARTests.framework in Frameworks */ = {isa = PBXBuildFile; fileRef = C25ECC630BD6B72044F36430 /* Pods_SwiftARTests.framework */; };
/* End PBXBuildFile section */

/* Begin PBXContainerItemProxy section */
		133C49E71F723AA60098C724 /* PBXContainerItemProxy */ = {
			isa = PBXContainerItemProxy;
			containerPortal = 133C49C81F723AA60098C724 /* Project object */;
			proxyType = 1;
			remoteGlobalIDString = 133C49CF1F723AA60098C724;
			remoteInfo = SwiftAR;
		};
		133C49F21F723AA60098C724 /* PBXContainerItemProxy */ = {
			isa = PBXContainerItemProxy;
			containerPortal = 133C49C81F723AA60098C724 /* Project object */;
			proxyType = 1;
			remoteGlobalIDString = 133C49CF1F723AA60098C724;
			remoteInfo = SwiftAR;
		};
/* End PBXContainerItemProxy section */

/* Begin PBXFileReference section */
		133C49D01F723AA60098C724 /* SwiftAR.app */ = {isa = PBXFileReference; explicitFileType = wrapper.application; includeInIndex = 0; path = SwiftAR.app; sourceTree = BUILT_PRODUCTS_DIR; };
		133C49D31F723AA60098C724 /* AppDelegate.swift */ = {isa = PBXFileReference; lastKnownFileType = sourcecode.swift; path = AppDelegate.swift; sourceTree = "<group>"; };
		133C49D51F723AA60098C724 /* art.scnassets */ = {isa = PBXFileReference; lastKnownFileType = wrapper.scnassets; path = art.scnassets; sourceTree = "<group>"; };
		133C49D71F723AA60098C724 /* ViewController.swift */ = {isa = PBXFileReference; lastKnownFileType = sourcecode.swift; path = ViewController.swift; sourceTree = "<group>"; };
		133C49DA1F723AA60098C724 /* Base */ = {isa = PBXFileReference; lastKnownFileType = file.storyboard; name = Base; path = Base.lproj/Main.storyboard; sourceTree = "<group>"; };
		133C49DC1F723AA60098C724 /* Assets.xcassets */ = {isa = PBXFileReference; lastKnownFileType = folder.assetcatalog; path = Assets.xcassets; sourceTree = "<group>"; };
		133C49DF1F723AA60098C724 /* Base */ = {isa = PBXFileReference; lastKnownFileType = file.storyboard; name = Base; path = Base.lproj/LaunchScreen.storyboard; sourceTree = "<group>"; };
		133C49E11F723AA60098C724 /* Info.plist */ = {isa = PBXFileReference; lastKnownFileType = text.plist.xml; path = Info.plist; sourceTree = "<group>"; };
		133C49E61F723AA60098C724 /* SwiftARTests.xctest */ = {isa = PBXFileReference; explicitFileType = wrapper.cfbundle; includeInIndex = 0; path = SwiftARTests.xctest; sourceTree = BUILT_PRODUCTS_DIR; };
		133C49EA1F723AA60098C724 /* SwiftARTests.swift */ = {isa = PBXFileReference; lastKnownFileType = sourcecode.swift; path = SwiftARTests.swift; sourceTree = "<group>"; };
		133C49EC1F723AA60098C724 /* Info.plist */ = {isa = PBXFileReference; lastKnownFileType = text.plist.xml; path = Info.plist; sourceTree = "<group>"; };
		133C49F11F723AA60098C724 /* SwiftARUITests.xctest */ = {isa = PBXFileReference; explicitFileType = wrapper.cfbundle; includeInIndex = 0; path = SwiftARUITests.xctest; sourceTree = BUILT_PRODUCTS_DIR; };
		133C49F51F723AA60098C724 /* SwiftARUITests.swift */ = {isa = PBXFileReference; lastKnownFileType = sourcecode.swift; path = SwiftARUITests.swift; sourceTree = "<group>"; };
		133C49F71F723AA60098C724 /* Info.plist */ = {isa = PBXFileReference; lastKnownFileType = text.plist.xml; path = Info.plist; sourceTree = "<group>"; };
		133C4A8C1F74DAC20098C724 /* BaseNode.swift */ = {isa = PBXFileReference; lastKnownFileType = sourcecode.swift; path = BaseNode.swift; sourceTree = "<group>"; };
		13922EB31F7F2D8E00F220A2 /* CoreData.framework */ = {isa = PBXFileReference; lastKnownFileType = wrapper.framework; name = CoreData.framework; path = System/Library/Frameworks/CoreData.framework; sourceTree = SDKROOT; };
		13922EB51F7F2DBE00F220A2 /* libsqlite3.tbd */ = {isa = PBXFileReference; lastKnownFileType = "sourcecode.text-based-dylib-definition"; name = libsqlite3.tbd; path = usr/lib/libsqlite3.tbd; sourceTree = SDKROOT; };
		13A68B251FB7B62800A8128F /* SCNVector3Extensions.swift */ = {isa = PBXFileReference; lastKnownFileType = sourcecode.swift; path = SCNVector3Extensions.swift; sourceTree = "<group>"; };
		13E3C79C2099D1F0006974F6 /* GoogleService-Info.plist */ = {isa = PBXFileReference; fileEncoding = 4; lastKnownFileType = text.plist.xml; path = "GoogleService-Info.plist"; sourceTree = "<group>"; };
		13E3C79E2099D303006974F6 /* SceneLocationView.swift */ = {isa = PBXFileReference; fileEncoding = 4; lastKnownFileType = sourcecode.swift; name = SceneLocationView.swift; path = "SwiftAR/ARKit-CoreLocation-master/ARKit+CoreLocation/Source/SceneLocationView.swift"; sourceTree = SOURCE_ROOT; };
		13E3C79F2099D303006974F6 /* SCNVector3+Extensions.swift */ = {isa = PBXFileReference; fileEncoding = 4; lastKnownFileType = sourcecode.swift; name = "SCNVector3+Extensions.swift"; path = "SwiftAR/ARKit-CoreLocation-master/ARKit+CoreLocation/Source/SCNVector3+Extensions.swift"; sourceTree = SOURCE_ROOT; };
		13E3C7A02099D303006974F6 /* LocationManager.swift */ = {isa = PBXFileReference; fileEncoding = 4; lastKnownFileType = sourcecode.swift; name = LocationManager.swift; path = "SwiftAR/ARKit-CoreLocation-master/ARKit+CoreLocation/Source/LocationManager.swift"; sourceTree = SOURCE_ROOT; };
		13E3C7A12099D303006974F6 /* SceneLocationEstimate.swift */ = {isa = PBXFileReference; fileEncoding = 4; lastKnownFileType = sourcecode.swift; name = SceneLocationEstimate.swift; path = "SwiftAR/ARKit-CoreLocation-master/ARKit+CoreLocation/Source/SceneLocationEstimate.swift"; sourceTree = SOURCE_ROOT; };
		13E3C7A22099D303006974F6 /* FloatingPoint+Radians.swift */ = {isa = PBXFileReference; fileEncoding = 4; lastKnownFileType = sourcecode.swift; name = "FloatingPoint+Radians.swift"; path = "SwiftAR/ARKit-CoreLocation-master/ARKit+CoreLocation/Source/FloatingPoint+Radians.swift"; sourceTree = SOURCE_ROOT; };
		13E3C7A32099D303006974F6 /* LocationNode.swift */ = {isa = PBXFileReference; fileEncoding = 4; lastKnownFileType = sourcecode.swift; name = LocationNode.swift; path = "SwiftAR/ARKit-CoreLocation-master/ARKit+CoreLocation/Source/LocationNode.swift"; sourceTree = SOURCE_ROOT; };
		13E3C7A42099D303006974F6 /* CGPoint+Extensions.swift */ = {isa = PBXFileReference; fileEncoding = 4; lastKnownFileType = sourcecode.swift; name = "CGPoint+Extensions.swift"; path = "../ARKit-CoreLocation-master/ARKit+CoreLocation/Source/CGPoint+Extensions.swift"; sourceTree = "<group>"; };
		13E3C7A52099D304006974F6 /* SceneLocationEstimate+Extensions.swift */ = {isa = PBXFileReference; fileEncoding = 4; lastKnownFileType = sourcecode.swift; name = "SceneLocationEstimate+Extensions.swift"; path = "SwiftAR/ARKit-CoreLocation-master/ARKit+CoreLocation/Source/SceneLocationEstimate+Extensions.swift"; sourceTree = SOURCE_ROOT; };
		13E3C7A62099D304006974F6 /* CLLocation+Extensions.swift */ = {isa = PBXFileReference; fileEncoding = 4; lastKnownFileType = sourcecode.swift; name = "CLLocation+Extensions.swift"; path = "SwiftAR/ARKit-CoreLocation-master/ARKit+CoreLocation/Source/CLLocation+Extensions.swift"; sourceTree = SOURCE_ROOT; };
		13E3C7A72099D304006974F6 /* SCNNode+Extensions.swift */ = {isa = PBXFileReference; fileEncoding = 4; lastKnownFileType = sourcecode.swift; name = "SCNNode+Extensions.swift"; path = "SwiftAR/ARKit-CoreLocation-master/ARKit+CoreLocation/Source/SCNNode+Extensions.swift"; sourceTree = SOURCE_ROOT; };
		1E7F96B0C721AB46A4B3AF5F /* Pods-SwiftARTests.release.xcconfig */ = {isa = PBXFileReference; includeInIndex = 1; lastKnownFileType = text.xcconfig; name = "Pods-SwiftARTests.release.xcconfig"; path = "Pods/Target Support Files/Pods-SwiftARTests/Pods-SwiftARTests.release.xcconfig"; sourceTree = "<group>"; };
		4F71A33464FE44928FE473EB /* Pods_SwiftAR.framework */ = {isa = PBXFileReference; explicitFileType = wrapper.framework; includeInIndex = 0; path = Pods_SwiftAR.framework; sourceTree = BUILT_PRODUCTS_DIR; };
		556312BC8C97A878CB86B591 /* Pods-SwiftAR.debug.xcconfig */ = {isa = PBXFileReference; includeInIndex = 1; lastKnownFileType = text.xcconfig; name = "Pods-SwiftAR.debug.xcconfig"; path = "Pods/Target Support Files/Pods-SwiftAR/Pods-SwiftAR.debug.xcconfig"; sourceTree = "<group>"; };
		5A6D2528ACA211E42AD52119 /* Pods-SwiftARUITests.release.xcconfig */ = {isa = PBXFileReference; includeInIndex = 1; lastKnownFileType = text.xcconfig; name = "Pods-SwiftARUITests.release.xcconfig"; path = "Pods/Target Support Files/Pods-SwiftARUITests/Pods-SwiftARUITests.release.xcconfig"; sourceTree = "<group>"; };
		5E63D273F117B1F63E6C0ECE /* Pods-SwiftARUITests.debug.xcconfig */ = {isa = PBXFileReference; includeInIndex = 1; lastKnownFileType = text.xcconfig; name = "Pods-SwiftARUITests.debug.xcconfig"; path = "Pods/Target Support Files/Pods-SwiftARUITests/Pods-SwiftARUITests.debug.xcconfig"; sourceTree = "<group>"; };
		5ECC89862F05391BE1A9672F /* Pods_SwiftARUITests.framework */ = {isa = PBXFileReference; explicitFileType = wrapper.framework; includeInIndex = 0; path = Pods_SwiftARUITests.framework; sourceTree = BUILT_PRODUCTS_DIR; };
		6268B3437F0DD8C5EE6192B6 /* Pods-SwiftAR.release.xcconfig */ = {isa = PBXFileReference; includeInIndex = 1; lastKnownFileType = text.xcconfig; name = "Pods-SwiftAR.release.xcconfig"; path = "Pods/Target Support Files/Pods-SwiftAR/Pods-SwiftAR.release.xcconfig"; sourceTree = "<group>"; };
		9F74BFBF9B35698F736BDCB7 /* Pods-SwiftARTests.debug.xcconfig */ = {isa = PBXFileReference; includeInIndex = 1; lastKnownFileType = text.xcconfig; name = "Pods-SwiftARTests.debug.xcconfig"; path = "Pods/Target Support Files/Pods-SwiftARTests/Pods-SwiftARTests.debug.xcconfig"; sourceTree = "<group>"; };
		C25ECC630BD6B72044F36430 /* Pods_SwiftARTests.framework */ = {isa = PBXFileReference; explicitFileType = wrapper.framework; includeInIndex = 0; path = Pods_SwiftARTests.framework; sourceTree = BUILT_PRODUCTS_DIR; };
/* End PBXFileReference section */

/* Begin PBXFrameworksBuildPhase section */
		133C49CD1F723AA60098C724 /* Frameworks */ = {
			isa = PBXFrameworksBuildPhase;
			buildActionMask = 2147483647;
			files = (
				13922EB61F7F2DBE00F220A2 /* libsqlite3.tbd in Frameworks */,
				33EBF3B2136E22650BDBFA1A /* Pods_SwiftAR.framework in Frameworks */,
			);
			runOnlyForDeploymentPostprocessing = 0;
		};
		133C49E31F723AA60098C724 /* Frameworks */ = {
			isa = PBXFrameworksBuildPhase;
			buildActionMask = 2147483647;
			files = (
				767B27F5379750B33FA6C0A2 /* Pods_SwiftARTests.framework in Frameworks */,
			);
			runOnlyForDeploymentPostprocessing = 0;
		};
		133C49EE1F723AA60098C724 /* Frameworks */ = {
			isa = PBXFrameworksBuildPhase;
			buildActionMask = 2147483647;
			files = (
				0981DF2E06F25F0B60E96EDE /* Pods_SwiftARUITests.framework in Frameworks */,
			);
			runOnlyForDeploymentPostprocessing = 0;
		};
/* End PBXFrameworksBuildPhase section */

/* Begin PBXGroup section */
		133C49C71F723AA60098C724 = {
			isa = PBXGroup;
			children = (
				133C49D21F723AA60098C724 /* SwiftAR */,
				133C49E91F723AA60098C724 /* SwiftARTests */,
				133C49F41F723AA60098C724 /* SwiftARUITests */,
				133C49D11F723AA60098C724 /* Products */,
				13922EB21F7F2D8E00F220A2 /* Frameworks */,
				69054D1153BFE27EC09E33E6 /* Pods */,
			);
			sourceTree = "<group>";
		};
		133C49D11F723AA60098C724 /* Products */ = {
			isa = PBXGroup;
			children = (
				133C49D01F723AA60098C724 /* SwiftAR.app */,
				133C49E61F723AA60098C724 /* SwiftARTests.xctest */,
				133C49F11F723AA60098C724 /* SwiftARUITests.xctest */,
			);
			name = Products;
			sourceTree = "<group>";
		};
		133C49D21F723AA60098C724 /* SwiftAR */ = {
			isa = PBXGroup;
			children = (
				13E3C79C2099D1F0006974F6 /* GoogleService-Info.plist */,
				13AC79551F74DFEB00A36FF2 /* CLPackages */,
				133C49D31F723AA60098C724 /* AppDelegate.swift */,
				133C49D51F723AA60098C724 /* art.scnassets */,
				133C49D71F723AA60098C724 /* ViewController.swift */,
				133C49D91F723AA60098C724 /* Main.storyboard */,
				133C49DC1F723AA60098C724 /* Assets.xcassets */,
				133C49DE1F723AA60098C724 /* LaunchScreen.storyboard */,
				133C49E11F723AA60098C724 /* Info.plist */,
				133C4A8C1F74DAC20098C724 /* BaseNode.swift */,
				13A68B251FB7B62800A8128F /* SCNVector3Extensions.swift */,
			);
			path = SwiftAR;
			sourceTree = "<group>";
		};
		133C49E91F723AA60098C724 /* SwiftARTests */ = {
			isa = PBXGroup;
			children = (
				133C49EA1F723AA60098C724 /* SwiftARTests.swift */,
				133C49EC1F723AA60098C724 /* Info.plist */,
			);
			path = SwiftARTests;
			sourceTree = "<group>";
		};
		133C49F41F723AA60098C724 /* SwiftARUITests */ = {
			isa = PBXGroup;
			children = (
				133C49F51F723AA60098C724 /* SwiftARUITests.swift */,
				133C49F71F723AA60098C724 /* Info.plist */,
			);
			path = SwiftARUITests;
			sourceTree = "<group>";
		};
		13922EB21F7F2D8E00F220A2 /* Frameworks */ = {
			isa = PBXGroup;
			children = (
				13922EB51F7F2DBE00F220A2 /* libsqlite3.tbd */,
				13922EB31F7F2D8E00F220A2 /* CoreData.framework */,
				4F71A33464FE44928FE473EB /* Pods_SwiftAR.framework */,
				C25ECC630BD6B72044F36430 /* Pods_SwiftARTests.framework */,
				5ECC89862F05391BE1A9672F /* Pods_SwiftARUITests.framework */,
			);
			name = Frameworks;
			sourceTree = "<group>";
		};
		13AC79551F74DFEB00A36FF2 /* CLPackages */ = {
			isa = PBXGroup;
			children = (
				13E3C7A42099D303006974F6 /* CGPoint+Extensions.swift */,
				13E3C7A62099D304006974F6 /* CLLocation+Extensions.swift */,
				13E3C7A22099D303006974F6 /* FloatingPoint+Radians.swift */,
				13E3C7A02099D303006974F6 /* LocationManager.swift */,
				13E3C7A32099D303006974F6 /* LocationNode.swift */,
				13E3C7A12099D303006974F6 /* SceneLocationEstimate.swift */,
				13E3C7A52099D304006974F6 /* SceneLocationEstimate+Extensions.swift */,
				13E3C79E2099D303006974F6 /* SceneLocationView.swift */,
				13E3C7A72099D304006974F6 /* SCNNode+Extensions.swift */,
				13E3C79F2099D303006974F6 /* SCNVector3+Extensions.swift */,
			);
			path = CLPackages;
			sourceTree = "<group>";
		};
		69054D1153BFE27EC09E33E6 /* Pods */ = {
			isa = PBXGroup;
			children = (
				556312BC8C97A878CB86B591 /* Pods-SwiftAR.debug.xcconfig */,
				6268B3437F0DD8C5EE6192B6 /* Pods-SwiftAR.release.xcconfig */,
				9F74BFBF9B35698F736BDCB7 /* Pods-SwiftARTests.debug.xcconfig */,
				1E7F96B0C721AB46A4B3AF5F /* Pods-SwiftARTests.release.xcconfig */,
				5E63D273F117B1F63E6C0ECE /* Pods-SwiftARUITests.debug.xcconfig */,
				5A6D2528ACA211E42AD52119 /* Pods-SwiftARUITests.release.xcconfig */,
			);
			name = Pods;
			sourceTree = "<group>";
		};
/* End PBXGroup section */

/* Begin PBXNativeTarget section */
		133C49CF1F723AA60098C724 /* SwiftAR */ = {
			isa = PBXNativeTarget;
			buildConfigurationList = 133C49FA1F723AA60098C724 /* Build configuration list for PBXNativeTarget "SwiftAR" */;
			buildPhases = (
				C5508D60BB328854BCBE9720 /* [CP] Check Pods Manifest.lock */,
				133C49CC1F723AA60098C724 /* Sources */,
				133C49CD1F723AA60098C724 /* Frameworks */,
				133C49CE1F723AA60098C724 /* Resources */,
				2D92B3166B0D06A9392D186C /* [CP] Embed Pods Frameworks */,
				CD1FEFBA7375C52BD3F5CBA7 /* [CP] Copy Pods Resources */,
			);
			buildRules = (
			);
			dependencies = (
			);
			name = SwiftAR;
			productName = SwiftAR;
			productReference = 133C49D01F723AA60098C724 /* SwiftAR.app */;
			productType = "com.apple.product-type.application";
		};
		133C49E51F723AA60098C724 /* SwiftARTests */ = {
			isa = PBXNativeTarget;
			buildConfigurationList = 133C49FD1F723AA60098C724 /* Build configuration list for PBXNativeTarget "SwiftARTests" */;
			buildPhases = (
				99FA2E176E8214906333A0B1 /* [CP] Check Pods Manifest.lock */,
				133C49E21F723AA60098C724 /* Sources */,
				133C49E31F723AA60098C724 /* Frameworks */,
				133C49E41F723AA60098C724 /* Resources */,
				E761C4A6FB9A99E255DE92EC /* [CP] Embed Pods Frameworks */,
				B5762BEF117BC11A20C9CD7B /* [CP] Copy Pods Resources */,
			);
			buildRules = (
			);
			dependencies = (
				133C49E81F723AA60098C724 /* PBXTargetDependency */,
			);
			name = SwiftARTests;
			productName = SwiftARTests;
			productReference = 133C49E61F723AA60098C724 /* SwiftARTests.xctest */;
			productType = "com.apple.product-type.bundle.unit-test";
		};
		133C49F01F723AA60098C724 /* SwiftARUITests */ = {
			isa = PBXNativeTarget;
			buildConfigurationList = 133C4A001F723AA60098C724 /* Build configuration list for PBXNativeTarget "SwiftARUITests" */;
			buildPhases = (
				CFAF455FB2E0C0028605DBDE /* [CP] Check Pods Manifest.lock */,
				133C49ED1F723AA60098C724 /* Sources */,
				133C49EE1F723AA60098C724 /* Frameworks */,
				133C49EF1F723AA60098C724 /* Resources */,
				04B8347AF1D558E7AB2D16A5 /* [CP] Embed Pods Frameworks */,
				1B8AD9171DBF7DC4DD6E10D6 /* [CP] Copy Pods Resources */,
			);
			buildRules = (
			);
			dependencies = (
				133C49F31F723AA60098C724 /* PBXTargetDependency */,
			);
			name = SwiftARUITests;
			productName = SwiftARUITests;
			productReference = 133C49F11F723AA60098C724 /* SwiftARUITests.xctest */;
			productType = "com.apple.product-type.bundle.ui-testing";
		};
/* End PBXNativeTarget section */

/* Begin PBXProject section */
		133C49C81F723AA60098C724 /* Project object */ = {
			isa = PBXProject;
			attributes = {
				LastSwiftUpdateCheck = 0900;
				LastUpgradeCheck = 0900;
				ORGANIZATIONNAME = "Thoufeeq Ahamed";
				TargetAttributes = {
					133C49CF1F723AA60098C724 = {
						CreatedOnToolsVersion = 9.0;
						ProvisioningStyle = Automatic;
					};
					133C49E51F723AA60098C724 = {
						CreatedOnToolsVersion = 9.0;
						ProvisioningStyle = Automatic;
						TestTargetID = 133C49CF1F723AA60098C724;
					};
					133C49F01F723AA60098C724 = {
						CreatedOnToolsVersion = 9.0;
						ProvisioningStyle = Automatic;
						TestTargetID = 133C49CF1F723AA60098C724;
					};
				};
			};
			buildConfigurationList = 133C49CB1F723AA60098C724 /* Build configuration list for PBXProject "SwiftAR" */;
			compatibilityVersion = "Xcode 8.0";
			developmentRegion = en;
			hasScannedForEncodings = 0;
			knownRegions = (
				en,
				Base,
			);
			mainGroup = 133C49C71F723AA60098C724;
			productRefGroup = 133C49D11F723AA60098C724 /* Products */;
			projectDirPath = "";
			projectRoot = "";
			targets = (
				133C49CF1F723AA60098C724 /* SwiftAR */,
				133C49E51F723AA60098C724 /* SwiftARTests */,
				133C49F01F723AA60098C724 /* SwiftARUITests */,
			);
		};
/* End PBXProject section */

/* Begin PBXResourcesBuildPhase section */
		133C49CE1F723AA60098C724 /* Resources */ = {
			isa = PBXResourcesBuildPhase;
			buildActionMask = 2147483647;
			files = (
				133C49D61F723AA60098C724 /* art.scnassets in Resources */,
				133C49E01F723AA60098C724 /* LaunchScreen.storyboard in Resources */,
				133C49DD1F723AA60098C724 /* Assets.xcassets in Resources */,
				133C49DB1F723AA60098C724 /* Main.storyboard in Resources */,
				13E3C79D2099D1F0006974F6 /* GoogleService-Info.plist in Resources */,
			);
			runOnlyForDeploymentPostprocessing = 0;
		};
		133C49E41F723AA60098C724 /* Resources */ = {
			isa = PBXResourcesBuildPhase;
			buildActionMask = 2147483647;
			files = (
			);
			runOnlyForDeploymentPostprocessing = 0;
		};
		133C49EF1F723AA60098C724 /* Resources */ = {
			isa = PBXResourcesBuildPhase;
			buildActionMask = 2147483647;
			files = (
			);
			runOnlyForDeploymentPostprocessing = 0;
		};
/* End PBXResourcesBuildPhase section */

/* Begin PBXShellScriptBuildPhase section */
		04B8347AF1D558E7AB2D16A5 /* [CP] Embed Pods Frameworks */ = {
			isa = PBXShellScriptBuildPhase;
			buildActionMask = 2147483647;
			files = (
			);
			inputPaths = (
			);
			name = "[CP] Embed Pods Frameworks";
			outputPaths = (
			);
			runOnlyForDeploymentPostprocessing = 0;
			shellPath = /bin/sh;
			shellScript = "\"${SRCROOT}/Pods/Target Support Files/Pods-SwiftARUITests/Pods-SwiftARUITests-frameworks.sh\"\n";
			showEnvVarsInLog = 0;
		};
		1B8AD9171DBF7DC4DD6E10D6 /* [CP] Copy Pods Resources */ = {
			isa = PBXShellScriptBuildPhase;
			buildActionMask = 2147483647;
			files = (
			);
			inputPaths = (
			);
			name = "[CP] Copy Pods Resources";
			outputPaths = (
			);
			runOnlyForDeploymentPostprocessing = 0;
			shellPath = /bin/sh;
			shellScript = "\"${SRCROOT}/Pods/Target Support Files/Pods-SwiftARUITests/Pods-SwiftARUITests-resources.sh\"\n";
			showEnvVarsInLog = 0;
		};
		2D92B3166B0D06A9392D186C /* [CP] Embed Pods Frameworks */ = {
			isa = PBXShellScriptBuildPhase;
			buildActionMask = 2147483647;
			files = (
			);
			inputPaths = (
				"${SRCROOT}/Pods/Target Support Files/Pods-SwiftAR/Pods-SwiftAR-frameworks.sh",
				"${BUILT_PRODUCTS_DIR}/GTMOAuth2/GTMOAuth2.framework",
				"${BUILT_PRODUCTS_DIR}/GTMSessionFetcher/GTMSessionFetcher.framework",
				"${BUILT_PRODUCTS_DIR}/GoogleToolboxForMac/GoogleToolboxForMac.framework",
				"${BUILT_PRODUCTS_DIR}/leveldb-library/leveldb.framework",
				"${BUILT_PRODUCTS_DIR}/nanopb/nanopb.framework",
			);
			name = "[CP] Embed Pods Frameworks";
			outputPaths = (
				"${TARGET_BUILD_DIR}/${FRAMEWORKS_FOLDER_PATH}/GTMOAuth2.framework",
				"${TARGET_BUILD_DIR}/${FRAMEWORKS_FOLDER_PATH}/GTMSessionFetcher.framework",
				"${TARGET_BUILD_DIR}/${FRAMEWORKS_FOLDER_PATH}/GoogleToolboxForMac.framework",
				"${TARGET_BUILD_DIR}/${FRAMEWORKS_FOLDER_PATH}/leveldb.framework",
				"${TARGET_BUILD_DIR}/${FRAMEWORKS_FOLDER_PATH}/nanopb.framework",
			);
			runOnlyForDeploymentPostprocessing = 0;
			shellPath = /bin/sh;
			shellScript = "\"${SRCROOT}/Pods/Target Support Files/Pods-SwiftAR/Pods-SwiftAR-frameworks.sh\"\n";
			showEnvVarsInLog = 0;
		};
		99FA2E176E8214906333A0B1 /* [CP] Check Pods Manifest.lock */ = {
			isa = PBXShellScriptBuildPhase;
			buildActionMask = 2147483647;
			files = (
			);
			inputPaths = (
				"${PODS_PODFILE_DIR_PATH}/Podfile.lock",
				"${PODS_ROOT}/Manifest.lock",
			);
			name = "[CP] Check Pods Manifest.lock";
			outputPaths = (
				"$(DERIVED_FILE_DIR)/Pods-SwiftARTests-checkManifestLockResult.txt",
			);
			runOnlyForDeploymentPostprocessing = 0;
			shellPath = /bin/sh;
			shellScript = "diff \"${PODS_PODFILE_DIR_PATH}/Podfile.lock\" \"${PODS_ROOT}/Manifest.lock\" > /dev/null\nif [ $? != 0 ] ; then\n    # print error to STDERR\n    echo \"error: The sandbox is not in sync with the Podfile.lock. Run 'pod install' or update your CocoaPods installation.\" >&2\n    exit 1\nfi\n# This output is used by Xcode 'outputs' to avoid re-running this script phase.\necho \"SUCCESS\" > \"${SCRIPT_OUTPUT_FILE_0}\"\n";
			showEnvVarsInLog = 0;
		};
		B5762BEF117BC11A20C9CD7B /* [CP] Copy Pods Resources */ = {
			isa = PBXShellScriptBuildPhase;
			buildActionMask = 2147483647;
			files = (
			);
			inputPaths = (
			);
			name = "[CP] Copy Pods Resources";
			outputPaths = (
			);
			runOnlyForDeploymentPostprocessing = 0;
			shellPath = /bin/sh;
			shellScript = "\"${SRCROOT}/Pods/Target Support Files/Pods-SwiftARTests/Pods-SwiftARTests-resources.sh\"\n";
			showEnvVarsInLog = 0;
		};
		C5508D60BB328854BCBE9720 /* [CP] Check Pods Manifest.lock */ = {
			isa = PBXShellScriptBuildPhase;
			buildActionMask = 2147483647;
			files = (
			);
			inputPaths = (
				"${PODS_PODFILE_DIR_PATH}/Podfile.lock",
				"${PODS_ROOT}/Manifest.lock",
			);
			name = "[CP] Check Pods Manifest.lock";
			outputPaths = (
				"$(DERIVED_FILE_DIR)/Pods-SwiftAR-checkManifestLockResult.txt",
			);
			runOnlyForDeploymentPostprocessing = 0;
			shellPath = /bin/sh;
			shellScript = "diff \"${PODS_PODFILE_DIR_PATH}/Podfile.lock\" \"${PODS_ROOT}/Manifest.lock\" > /dev/null\nif [ $? != 0 ] ; then\n    # print error to STDERR\n    echo \"error: The sandbox is not in sync with the Podfile.lock. Run 'pod install' or update your CocoaPods installation.\" >&2\n    exit 1\nfi\n# This output is used by Xcode 'outputs' to avoid re-running this script phase.\necho \"SUCCESS\" > \"${SCRIPT_OUTPUT_FILE_0}\"\n";
			showEnvVarsInLog = 0;
		};
		CD1FEFBA7375C52BD3F5CBA7 /* [CP] Copy Pods Resources */ = {
			isa = PBXShellScriptBuildPhase;
			buildActionMask = 2147483647;
			files = (
			);
			inputPaths = (
				"${SRCROOT}/Pods/Target Support Files/Pods-SwiftAR/Pods-SwiftAR-resources.sh",
				"${PODS_ROOT}/GoogleSignIn/Resources/GoogleSignIn.bundle",
			);
			name = "[CP] Copy Pods Resources";
			outputPaths = (
				"${TARGET_BUILD_DIR}/${UNLOCALIZED_RESOURCES_FOLDER_PATH}",
			);
			runOnlyForDeploymentPostprocessing = 0;
			shellPath = /bin/sh;
			shellScript = "\"${SRCROOT}/Pods/Target Support Files/Pods-SwiftAR/Pods-SwiftAR-resources.sh\"\n";
			showEnvVarsInLog = 0;
		};
		CFAF455FB2E0C0028605DBDE /* [CP] Check Pods Manifest.lock */ = {
			isa = PBXShellScriptBuildPhase;
			buildActionMask = 2147483647;
			files = (
			);
			inputPaths = (
				"${PODS_PODFILE_DIR_PATH}/Podfile.lock",
				"${PODS_ROOT}/Manifest.lock",
			);
			name = "[CP] Check Pods Manifest.lock";
			outputPaths = (
				"$(DERIVED_FILE_DIR)/Pods-SwiftARUITests-checkManifestLockResult.txt",
			);
			runOnlyForDeploymentPostprocessing = 0;
			shellPath = /bin/sh;
			shellScript = "diff \"${PODS_PODFILE_DIR_PATH}/Podfile.lock\" \"${PODS_ROOT}/Manifest.lock\" > /dev/null\nif [ $? != 0 ] ; then\n    # print error to STDERR\n    echo \"error: The sandbox is not in sync with the Podfile.lock. Run 'pod install' or update your CocoaPods installation.\" >&2\n    exit 1\nfi\n# This output is used by Xcode 'outputs' to avoid re-running this script phase.\necho \"SUCCESS\" > \"${SCRIPT_OUTPUT_FILE_0}\"\n";
			showEnvVarsInLog = 0;
		};
		E761C4A6FB9A99E255DE92EC /* [CP] Embed Pods Frameworks */ = {
			isa = PBXShellScriptBuildPhase;
			buildActionMask = 2147483647;
			files = (
			);
			inputPaths = (
			);
			name = "[CP] Embed Pods Frameworks";
			outputPaths = (
			);
			runOnlyForDeploymentPostprocessing = 0;
			shellPath = /bin/sh;
			shellScript = "\"${SRCROOT}/Pods/Target Support Files/Pods-SwiftARTests/Pods-SwiftARTests-frameworks.sh\"\n";
			showEnvVarsInLog = 0;
		};
/* End PBXShellScriptBuildPhase section */

/* Begin PBXSourcesBuildPhase section */
		133C49CC1F723AA60098C724 /* Sources */ = {
			isa = PBXSourcesBuildPhase;
			buildActionMask = 2147483647;
			files = (
				13E3C7B12099D304006974F6 /* SCNNode+Extensions.swift in Sources */,
				13E3C7AA2099D304006974F6 /* LocationManager.swift in Sources */,
				13E3C7B02099D304006974F6 /* CLLocation+Extensions.swift in Sources */,
				133C49D81F723AA60098C724 /* ViewController.swift in Sources */,
				133C4A8D1F74DAC20098C724 /* BaseNode.swift in Sources */,
				13E3C7A82099D304006974F6 /* SceneLocationView.swift in Sources */,
				13E3C7AF2099D304006974F6 /* SceneLocationEstimate+Extensions.swift in Sources */,
				13E3C7AE2099D304006974F6 /* CGPoint+Extensions.swift in Sources */,
				13A68B261FB7B62800A8128F /* SCNVector3Extensions.swift in Sources */,
				13E3C7AD2099D304006974F6 /* LocationNode.swift in Sources */,
				13E3C7AC2099D304006974F6 /* FloatingPoint+Radians.swift in Sources */,
				13E3C7A92099D304006974F6 /* SCNVector3+Extensions.swift in Sources */,
				133C49D41F723AA60098C724 /* AppDelegate.swift in Sources */,
				13E3C7AB2099D304006974F6 /* SceneLocationEstimate.swift in Sources */,
			);
			runOnlyForDeploymentPostprocessing = 0;
		};
		133C49E21F723AA60098C724 /* Sources */ = {
			isa = PBXSourcesBuildPhase;
			buildActionMask = 2147483647;
			files = (
				133C49EB1F723AA60098C724 /* SwiftARTests.swift in Sources */,
			);
			runOnlyForDeploymentPostprocessing = 0;
		};
		133C49ED1F723AA60098C724 /* Sources */ = {
			isa = PBXSourcesBuildPhase;
			buildActionMask = 2147483647;
			files = (
				133C49F61F723AA60098C724 /* SwiftARUITests.swift in Sources */,
			);
			runOnlyForDeploymentPostprocessing = 0;
		};
/* End PBXSourcesBuildPhase section */

/* Begin PBXTargetDependency section */
		133C49E81F723AA60098C724 /* PBXTargetDependency */ = {
			isa = PBXTargetDependency;
			target = 133C49CF1F723AA60098C724 /* SwiftAR */;
			targetProxy = 133C49E71F723AA60098C724 /* PBXContainerItemProxy */;
		};
		133C49F31F723AA60098C724 /* PBXTargetDependency */ = {
			isa = PBXTargetDependency;
			target = 133C49CF1F723AA60098C724 /* SwiftAR */;
			targetProxy = 133C49F21F723AA60098C724 /* PBXContainerItemProxy */;
		};
/* End PBXTargetDependency section */

/* Begin PBXVariantGroup section */
		133C49D91F723AA60098C724 /* Main.storyboard */ = {
			isa = PBXVariantGroup;
			children = (
				133C49DA1F723AA60098C724 /* Base */,
			);
			name = Main.storyboard;
			sourceTree = "<group>";
		};
		133C49DE1F723AA60098C724 /* LaunchScreen.storyboard */ = {
			isa = PBXVariantGroup;
			children = (
				133C49DF1F723AA60098C724 /* Base */,
			);
			name = LaunchScreen.storyboard;
			sourceTree = "<group>";
		};
/* End PBXVariantGroup section */

/* Begin XCBuildConfiguration section */
		133C49F81F723AA60098C724 /* Debug */ = {
			isa = XCBuildConfiguration;
			buildSettings = {
				ALWAYS_SEARCH_USER_PATHS = NO;
				CLANG_ANALYZER_NONNULL = YES;
				CLANG_ANALYZER_NUMBER_OBJECT_CONVERSION = YES_AGGRESSIVE;
				CLANG_CXX_LANGUAGE_STANDARD = "gnu++14";
				CLANG_CXX_LIBRARY = "libc++";
				CLANG_ENABLE_MODULES = YES;
				CLANG_ENABLE_OBJC_ARC = YES;
				CLANG_WARN_BLOCK_CAPTURE_AUTORELEASING = YES;
				CLANG_WARN_BOOL_CONVERSION = YES;
				CLANG_WARN_COMMA = YES;
				CLANG_WARN_CONSTANT_CONVERSION = YES;
				CLANG_WARN_DIRECT_OBJC_ISA_USAGE = YES_ERROR;
				CLANG_WARN_DOCUMENTATION_COMMENTS = YES;
				CLANG_WARN_EMPTY_BODY = YES;
				CLANG_WARN_ENUM_CONVERSION = YES;
				CLANG_WARN_INFINITE_RECURSION = YES;
				CLANG_WARN_INT_CONVERSION = YES;
				CLANG_WARN_NON_LITERAL_NULL_CONVERSION = YES;
				CLANG_WARN_OBJC_LITERAL_CONVERSION = YES;
				CLANG_WARN_OBJC_ROOT_CLASS = YES_ERROR;
				CLANG_WARN_RANGE_LOOP_ANALYSIS = YES;
				CLANG_WARN_STRICT_PROTOTYPES = YES;
				CLANG_WARN_SUSPICIOUS_MOVE = YES;
				CLANG_WARN_UNGUARDED_AVAILABILITY = YES_AGGRESSIVE;
				CLANG_WARN_UNREACHABLE_CODE = YES;
				CLANG_WARN__DUPLICATE_METHOD_MATCH = YES;
				CODE_SIGN_IDENTITY = "iPhone Developer";
				COPY_PHASE_STRIP = NO;
				DEBUG_INFORMATION_FORMAT = dwarf;
				ENABLE_STRICT_OBJC_MSGSEND = YES;
				ENABLE_TESTABILITY = YES;
				GCC_C_LANGUAGE_STANDARD = gnu11;
				GCC_DYNAMIC_NO_PIC = NO;
				GCC_NO_COMMON_BLOCKS = YES;
				GCC_OPTIMIZATION_LEVEL = 0;
				GCC_PREPROCESSOR_DEFINITIONS = (
					"DEBUG=1",
					"$(inherited)",
				);
				GCC_WARN_64_TO_32_BIT_CONVERSION = YES;
				GCC_WARN_ABOUT_RETURN_TYPE = YES_ERROR;
				GCC_WARN_UNDECLARED_SELECTOR = YES;
				GCC_WARN_UNINITIALIZED_AUTOS = YES_AGGRESSIVE;
				GCC_WARN_UNUSED_FUNCTION = YES;
				GCC_WARN_UNUSED_VARIABLE = YES;
				IPHONEOS_DEPLOYMENT_TARGET = 11.0;
				MTL_ENABLE_DEBUG_INFO = YES;
				ONLY_ACTIVE_ARCH = YES;
				SDKROOT = iphoneos;
				SWIFT_ACTIVE_COMPILATION_CONDITIONS = DEBUG;
				SWIFT_OPTIMIZATION_LEVEL = "-Onone";
			};
			name = Debug;
		};
		133C49F91F723AA60098C724 /* Release */ = {
			isa = XCBuildConfiguration;
			buildSettings = {
				ALWAYS_SEARCH_USER_PATHS = NO;
				CLANG_ANALYZER_NONNULL = YES;
				CLANG_ANALYZER_NUMBER_OBJECT_CONVERSION = YES_AGGRESSIVE;
				CLANG_CXX_LANGUAGE_STANDARD = "gnu++14";
				CLANG_CXX_LIBRARY = "libc++";
				CLANG_ENABLE_MODULES = YES;
				CLANG_ENABLE_OBJC_ARC = YES;
				CLANG_WARN_BLOCK_CAPTURE_AUTORELEASING = YES;
				CLANG_WARN_BOOL_CONVERSION = YES;
				CLANG_WARN_COMMA = YES;
				CLANG_WARN_CONSTANT_CONVERSION = YES;
				CLANG_WARN_DIRECT_OBJC_ISA_USAGE = YES_ERROR;
				CLANG_WARN_DOCUMENTATION_COMMENTS = YES;
				CLANG_WARN_EMPTY_BODY = YES;
				CLANG_WARN_ENUM_CONVERSION = YES;
				CLANG_WARN_INFINITE_RECURSION = YES;
				CLANG_WARN_INT_CONVERSION = YES;
				CLANG_WARN_NON_LITERAL_NULL_CONVERSION = YES;
				CLANG_WARN_OBJC_LITERAL_CONVERSION = YES;
				CLANG_WARN_OBJC_ROOT_CLASS = YES_ERROR;
				CLANG_WARN_RANGE_LOOP_ANALYSIS = YES;
				CLANG_WARN_STRICT_PROTOTYPES = YES;
				CLANG_WARN_SUSPICIOUS_MOVE = YES;
				CLANG_WARN_UNGUARDED_AVAILABILITY = YES_AGGRESSIVE;
				CLANG_WARN_UNREACHABLE_CODE = YES;
				CLANG_WARN__DUPLICATE_METHOD_MATCH = YES;
				CODE_SIGN_IDENTITY = "iPhone Developer";
				COPY_PHASE_STRIP = NO;
				DEBUG_INFORMATION_FORMAT = "dwarf-with-dsym";
				ENABLE_NS_ASSERTIONS = NO;
				ENABLE_STRICT_OBJC_MSGSEND = YES;
				GCC_C_LANGUAGE_STANDARD = gnu11;
				GCC_NO_COMMON_BLOCKS = YES;
				GCC_WARN_64_TO_32_BIT_CONVERSION = YES;
				GCC_WARN_ABOUT_RETURN_TYPE = YES_ERROR;
				GCC_WARN_UNDECLARED_SELECTOR = YES;
				GCC_WARN_UNINITIALIZED_AUTOS = YES_AGGRESSIVE;
				GCC_WARN_UNUSED_FUNCTION = YES;
				GCC_WARN_UNUSED_VARIABLE = YES;
				IPHONEOS_DEPLOYMENT_TARGET = 11.0;
				MTL_ENABLE_DEBUG_INFO = NO;
				SDKROOT = iphoneos;
				SWIFT_OPTIMIZATION_LEVEL = "-Owholemodule";
				VALIDATE_PRODUCT = YES;
			};
			name = Release;
		};
		133C49FB1F723AA60098C724 /* Debug */ = {
			isa = XCBuildConfiguration;
			baseConfigurationReference = 556312BC8C97A878CB86B591 /* Pods-SwiftAR.debug.xcconfig */;
			buildSettings = {
				ASSETCATALOG_COMPILER_APPICON_NAME = AppIcon;
				CODE_SIGN_STYLE = Automatic;
				DEVELOPMENT_TEAM = 65D7JAN3U4;
				INFOPLIST_FILE = SwiftAR/Info.plist;
				IPHONEOS_DEPLOYMENT_TARGET = 11.0;
				LD_RUNPATH_SEARCH_PATHS = "$(inherited) @executable_path/Frameworks";
				PRODUCT_BUNDLE_IDENTIFIER = thoufeeq.SwiftAR;
				PRODUCT_NAME = "$(TARGET_NAME)";
				SWIFT_VERSION = 4.0;
				TARGETED_DEVICE_FAMILY = "1,2";
			};
			name = Debug;
		};
		133C49FC1F723AA60098C724 /* Release */ = {
			isa = XCBuildConfiguration;
			baseConfigurationReference = 6268B3437F0DD8C5EE6192B6 /* Pods-SwiftAR.release.xcconfig */;
			buildSettings = {
				ASSETCATALOG_COMPILER_APPICON_NAME = AppIcon;
				CODE_SIGN_STYLE = Automatic;
				DEVELOPMENT_TEAM = 65D7JAN3U4;
				INFOPLIST_FILE = SwiftAR/Info.plist;
				IPHONEOS_DEPLOYMENT_TARGET = 11.0;
				LD_RUNPATH_SEARCH_PATHS = "$(inherited) @executable_path/Frameworks";
				PRODUCT_BUNDLE_IDENTIFIER = thoufeeq.SwiftAR;
				PRODUCT_NAME = "$(TARGET_NAME)";
				SWIFT_VERSION = 4.0;
				TARGETED_DEVICE_FAMILY = "1,2";
			};
			name = Release;
		};
		133C49FE1F723AA60098C724 /* Debug */ = {
			isa = XCBuildConfiguration;
			baseConfigurationReference = 9F74BFBF9B35698F736BDCB7 /* Pods-SwiftARTests.debug.xcconfig */;
			buildSettings = {
				ALWAYS_EMBED_SWIFT_STANDARD_LIBRARIES = YES;
				BUNDLE_LOADER = "$(TEST_HOST)";
				CODE_SIGN_STYLE = Automatic;
				DEVELOPMENT_TEAM = 65D7JAN3U4;
				INFOPLIST_FILE = SwiftARTests/Info.plist;
				LD_RUNPATH_SEARCH_PATHS = "$(inherited) @executable_path/Frameworks @loader_path/Frameworks";
				PRODUCT_BUNDLE_IDENTIFIER = thoufeeq.SwiftARTests;
				PRODUCT_NAME = "$(TARGET_NAME)";
				SWIFT_VERSION = 4.0;
				TARGETED_DEVICE_FAMILY = "1,2";
				TEST_HOST = "$(BUILT_PRODUCTS_DIR)/SwiftAR.app/SwiftAR";
			};
			name = Debug;
		};
		133C49FF1F723AA60098C724 /* Release */ = {
			isa = XCBuildConfiguration;
			baseConfigurationReference = 1E7F96B0C721AB46A4B3AF5F /* Pods-SwiftARTests.release.xcconfig */;
			buildSettings = {
				ALWAYS_EMBED_SWIFT_STANDARD_LIBRARIES = YES;
				BUNDLE_LOADER = "$(TEST_HOST)";
				CODE_SIGN_STYLE = Automatic;
				DEVELOPMENT_TEAM = 65D7JAN3U4;
				INFOPLIST_FILE = SwiftARTests/Info.plist;
				LD_RUNPATH_SEARCH_PATHS = "$(inherited) @executable_path/Frameworks @loader_path/Frameworks";
				PRODUCT_BUNDLE_IDENTIFIER = thoufeeq.SwiftARTests;
				PRODUCT_NAME = "$(TARGET_NAME)";
				SWIFT_VERSION = 4.0;
				TARGETED_DEVICE_FAMILY = "1,2";
				TEST_HOST = "$(BUILT_PRODUCTS_DIR)/SwiftAR.app/SwiftAR";
			};
			name = Release;
		};
		133C4A011F723AA60098C724 /* Debug */ = {
			isa = XCBuildConfiguration;
			baseConfigurationReference = 5E63D273F117B1F63E6C0ECE /* Pods-SwiftARUITests.debug.xcconfig */;
			buildSettings = {
				ALWAYS_EMBED_SWIFT_STANDARD_LIBRARIES = YES;
				CODE_SIGN_STYLE = Automatic;
				DEVELOPMENT_TEAM = 65D7JAN3U4;
				INFOPLIST_FILE = SwiftARUITests/Info.plist;
				LD_RUNPATH_SEARCH_PATHS = "$(inherited) @executable_path/Frameworks @loader_path/Frameworks";
				PRODUCT_BUNDLE_IDENTIFIER = thoufeeq.SwiftARUITests;
				PRODUCT_NAME = "$(TARGET_NAME)";
				SWIFT_VERSION = 4.0;
				TARGETED_DEVICE_FAMILY = "1,2";
				TEST_TARGET_NAME = SwiftAR;
			};
			name = Debug;
		};
		133C4A021F723AA60098C724 /* Release */ = {
			isa = XCBuildConfiguration;
			baseConfigurationReference = 5A6D2528ACA211E42AD52119 /* Pods-SwiftARUITests.release.xcconfig */;
			buildSettings = {
				ALWAYS_EMBED_SWIFT_STANDARD_LIBRARIES = YES;
				CODE_SIGN_STYLE = Automatic;
				DEVELOPMENT_TEAM = 65D7JAN3U4;
				INFOPLIST_FILE = SwiftARUITests/Info.plist;
				LD_RUNPATH_SEARCH_PATHS = "$(inherited) @executable_path/Frameworks @loader_path/Frameworks";
				PRODUCT_BUNDLE_IDENTIFIER = thoufeeq.SwiftARUITests;
				PRODUCT_NAME = "$(TARGET_NAME)";
				SWIFT_VERSION = 4.0;
				TARGETED_DEVICE_FAMILY = "1,2";
				TEST_TARGET_NAME = SwiftAR;
			};
			name = Release;
		};
/* End XCBuildConfiguration section */

/* Begin XCConfigurationList section */
		133C49CB1F723AA60098C724 /* Build configuration list for PBXProject "SwiftAR" */ = {
			isa = XCConfigurationList;
			buildConfigurations = (
				133C49F81F723AA60098C724 /* Debug */,
				133C49F91F723AA60098C724 /* Release */,
			);
			defaultConfigurationIsVisible = 0;
			defaultConfigurationName = Release;
		};
		133C49FA1F723AA60098C724 /* Build configuration list for PBXNativeTarget "SwiftAR" */ = {
			isa = XCConfigurationList;
			buildConfigurations = (
				133C49FB1F723AA60098C724 /* Debug */,
				133C49FC1F723AA60098C724 /* Release */,
			);
			defaultConfigurationIsVisible = 0;
			defaultConfigurationName = Release;
		};
		133C49FD1F723AA60098C724 /* Build configuration list for PBXNativeTarget "SwiftARTests" */ = {
			isa = XCConfigurationList;
			buildConfigurations = (
				133C49FE1F723AA60098C724 /* Debug */,
				133C49FF1F723AA60098C724 /* Release */,
			);
			defaultConfigurationIsVisible = 0;
			defaultConfigurationName = Release;
		};
		133C4A001F723AA60098C724 /* Build configuration list for PBXNativeTarget "SwiftARUITests" */ = {
			isa = XCConfigurationList;
			buildConfigurations = (
				133C4A011F723AA60098C724 /* Debug */,
				133C4A021F723AA60098C724 /* Release */,
			);
			defaultConfigurationIsVisible = 0;
			defaultConfigurationName = Release;
		};
/* End XCConfigurationList section */
	};
	rootObject = 133C49C81F723AA60098C724 /* Project object */;
}
